
Microsoft Visual Studio Solution File, Format Version 12.00
# Visual Studio 15
VisualStudioVersion = 15.0.26124.0
MinimumVisualStudioVersion = 15.0.26124.0
Project("{2150E333-8FDC-42A3-9474-1A3956D46DE8}") = "src", "src", "{8E7B53E7-B142-45AC-953B-10C806518226}"
EndProject
Project("{9A19103F-16F7-4668-BE54-9A1E7A4F7556}") = "SupportBot", "src\SupportBot\SupportBot.csproj", "{8F906624-D325-4D6C-93C1-25786FBB3E93}"
EndProject
Project("{2150E333-8FDC-42A3-9474-1A3956D46DE8}") = "test", "test", "{A72196DF-4D10-49ED-AC98-7DCAFFD149D1}"
EndProject
Project("{FAE04EC0-301F-11D3-BF4B-00C04F79EFBC}") = "SupportBot.Tests", "test\SupportBot.Tests\SupportBot.Tests.csproj", "{63FC8026-9925-46BF-AE47-A3DD50E3FE04}"
EndProject
Global
	GlobalSection(SolutionConfigurationPlatforms) = preSolution
		Debug|Any CPU = Debug|Any CPU
		Debug|x64 = Debug|x64
		Debug|x86 = Debug|x86
		Release|Any CPU = Release|Any CPU
		Release|x64 = Release|x64
		Release|x86 = Release|x86
	EndGlobalSection
	GlobalSection(ProjectConfigurationPlatforms) = postSolution
		{8F906624-D325-4D6C-93C1-25786FBB3E93}.Debug|Any CPU.ActiveCfg = Debug|Any CPU
		{8F906624-D325-4D6C-93C1-25786FBB3E93}.Debug|Any CPU.Build.0 = Debug|Any CPU
		{8F906624-D325-4D6C-93C1-25786FBB3E93}.Debug|x64.ActiveCfg = Debug|Any CPU
		{8F906624-D325-4D6C-93C1-25786FBB3E93}.Debug|x64.Build.0 = Debug|Any CPU
		{8F906624-D325-4D6C-93C1-25786FBB3E93}.Debug|x86.ActiveCfg = Debug|Any CPU
		{8F906624-D325-4D6C-93C1-25786FBB3E93}.Debug|x86.Build.0 = Debug|Any CPU
		{8F906624-D325-4D6C-93C1-25786FBB3E93}.Release|Any CPU.ActiveCfg = Release|Any CPU
		{8F906624-D325-4D6C-93C1-25786FBB3E93}.Release|Any CPU.Build.0 = Release|Any CPU
		{8F906624-D325-4D6C-93C1-25786FBB3E93}.Release|x64.ActiveCfg = Release|Any CPU
		{8F906624-D325-4D6C-93C1-25786FBB3E93}.Release|x64.Build.0 = Release|Any CPU
		{8F906624-D325-4D6C-93C1-25786FBB3E93}.Release|x86.ActiveCfg = Release|Any CPU
		{8F906624-D325-4D6C-93C1-25786FBB3E93}.Release|x86.Build.0 = Release|Any CPU
		{63FC8026-9925-46BF-AE47-A3DD50E3FE04}.Debug|Any CPU.ActiveCfg = Debug|Any CPU
		{63FC8026-9925-46BF-AE47-A3DD50E3FE04}.Debug|Any CPU.Build.0 = Debug|Any CPU
		{63FC8026-9925-46BF-AE47-A3DD50E3FE04}.Debug|x64.ActiveCfg = Debug|Any CPU
		{63FC8026-9925-46BF-AE47-A3DD50E3FE04}.Debug|x64.Build.0 = Debug|Any CPU
		{63FC8026-9925-46BF-AE47-A3DD50E3FE04}.Debug|x86.ActiveCfg = Debug|Any CPU
		{63FC8026-9925-46BF-AE47-A3DD50E3FE04}.Debug|x86.Build.0 = Debug|Any CPU
		{63FC8026-9925-46BF-AE47-A3DD50E3FE04}.Release|Any CPU.ActiveCfg = Release|Any CPU
		{63FC8026-9925-46BF-AE47-A3DD50E3FE04}.Release|Any CPU.Build.0 = Release|Any CPU
		{63FC8026-9925-46BF-AE47-A3DD50E3FE04}.Release|x64.ActiveCfg = Release|Any CPU
		{63FC8026-9925-46BF-AE47-A3DD50E3FE04}.Release|x64.Build.0 = Release|Any CPU
		{63FC8026-9925-46BF-AE47-A3DD50E3FE04}.Release|x86.ActiveCfg = Release|Any CPU
		{63FC8026-9925-46BF-AE47-A3DD50E3FE04}.Release|x86.Build.0 = Release|Any CPU
	EndGlobalSection
	GlobalSection(SolutionProperties) = preSolution
		HideSolutionNode = FALSE
	EndGlobalSection
	GlobalSection(NestedProjects) = preSolution
		{8F906624-D325-4D6C-93C1-25786FBB3E93} = {8E7B53E7-B142-45AC-953B-10C806518226}
		{63FC8026-9925-46BF-AE47-A3DD50E3FE04} = {A72196DF-4D10-49ED-AC98-7DCAFFD149D1}
	EndGlobalSection
	GlobalSection(ExtensibilityGlobals) = postSolution
		SolutionGuid = {9E38208E-226E-47B7-B274-F57C47B8FD04}
	EndGlobalSection
EndGlobal
